
Microsoft Visual Studio Solution File, Format Version 12.00
# Visual Studio 2013
VisualStudioVersion = 12.0.21005.1
MinimumVisualStudioVersion = 10.0.40219.1
Project("{F184B08F-C81C-45F6-A57F-5ABD9991F28F}") = "LoginWinFormsApp", "LoginWinFormsApp\LoginWinFormsApp.vbproj", "{F5D71CEA-6BE4-440B-A2E9-581C9D449F57}"
EndProject
Project("{F184B08F-C81C-45F6-A57F-5ABD9991F28F}") = "WebServiceDemo", "..\WebServiceDemo\WebServiceDemo\WebServiceDemo.vbproj", "{85AFC7DD-2E44-4D83-AE3E-EC044BB6D68E}"
EndProject
Global
	GlobalSection(SolutionConfigurationPlatforms) = preSolution
		Debug|Any CPU = Debug|Any CPU
		Release|Any CPU = Release|Any CPU
	EndGlobalSection
	GlobalSection(ProjectConfigurationPlatforms) = postSolution
		{F5D71CEA-6BE4-440B-A2E9-581C9D449F57}.Debug|Any CPU.ActiveCfg = Debug|Any CPU
		{F5D71CEA-6BE4-440B-A2E9-581C9D449F57}.Debug|Any CPU.Build.0 = Debug|Any CPU
		{F5D71CEA-6BE4-440B-A2E9-581C9D449F57}.Release|Any CPU.ActiveCfg = Release|Any CPU
		{F5D71CEA-6BE4-440B-A2E9-581C9D449F57}.Release|Any CPU.Build.0 = Release|Any CPU
		{85AFC7DD-2E44-4D83-AE3E-EC044BB6D68E}.Debug|Any CPU.ActiveCfg = Debug|Any CPU
		{85AFC7DD-2E44-4D83-AE3E-EC044BB6D68E}.Debug|Any CPU.Build.0 = Debug|Any CPU
		{85AFC7DD-2E44-4D83-AE3E-EC044BB6D68E}.Release|Any CPU.ActiveCfg = Release|Any CPU
		{85AFC7DD-2E44-4D83-AE3E-EC044BB6D68E}.Release|Any CPU.Build.0 = Release|Any CPU
	EndGlobalSection
	GlobalSection(SolutionProperties) = preSolution
		HideSolutionNode = FALSE
	EndGlobalSection
EndGlobal
